// !$*UTF8*$!
{
	archiveVersion = 1;
	classes = {
	};
	objectVersion = 56;
	objects = {

/* Begin PBXBuildFile section */
		A101000100000001 /* RokidStyleApp.swift in Sources */ = {isa = PBXBuildFile; fileRef = A100000100000001 /* RokidStyleApp.swift */; };
		A101000200000002 /* ContentView.swift in Sources */ = {isa = PBXBuildFile; fileRef = A100000200000002 /* ContentView.swift */; };
		A101000300000003 /* SettingsView.swift in Sources */ = {isa = PBXBuildFile; fileRef = A100000300000003 /* SettingsView.swift */; };
		A101000400000004 /* StyleViewModel.swift in Sources */ = {isa = PBXBuildFile; fileRef = A100000400000004 /* StyleViewModel.swift */; };
		A101000500000005 /* SpeechListener.swift in Sources */ = {isa = PBXBuildFile; fileRef = A100000500000005 /* SpeechListener.swift */; };
		A101000600000006 /* SpeechSynthesizer.swift in Sources */ = {isa = PBXBuildFile; fileRef = A100000600000006 /* SpeechSynthesizer.swift */; };
		A101000700000007 /* AiApiClient.swift in Sources */ = {isa = PBXBuildFile; fileRef = A100000700000007 /* AiApiClient.swift */; };
		A101000C0000000C /* ElevenLabsClient.swift in Sources */ = {isa = PBXBuildFile; fileRef = A100000C0000000C /* ElevenLabsClient.swift */; };
		A101000800000008 /* AiModels.swift in Sources */ = {isa = PBXBuildFile; fileRef = A100000800000008 /* AiModels.swift */; };
		A101000900000009 /* AVFoundation.framework in Frameworks */ = {isa = PBXBuildFile; fileRef = A100000900000009 /* AVFoundation.framework */; };
		A101000A0000000A /* Speech.framework in Frameworks */ = {isa = PBXBuildFile; fileRef = A100000A0000000A /* Speech.framework */; };
/* End PBXBuildFile section */

/* Begin PBXFileReference section */
		A100000000000000 /* RokidStyle.app */ = {isa = PBXFileReference; explicitFileType = wrapper.application; includeInIndex = 0; path = RokidStyle.app; sourceTree = BUILT_PRODUCTS_DIR; };
		A100000100000001 /* RokidStyleApp.swift */ = {isa = PBXFileReference; lastKnownFileType = sourcecode.swift; path = RokidStyleApp.swift; sourceTree = "<group>"; };
		A100000200000002 /* ContentView.swift */ = {isa = PBXFileReference; lastKnownFileType = sourcecode.swift; path = ContentView.swift; sourceTree = "<group>"; };
		A100000300000003 /* SettingsView.swift */ = {isa = PBXFileReference; lastKnownFileType = sourcecode.swift; path = SettingsView.swift; sourceTree = "<group>"; };
		A100000400000004 /* StyleViewModel.swift */ = {isa = PBXFileReference; lastKnownFileType = sourcecode.swift; path = StyleViewModel.swift; sourceTree = "<group>"; };
		A100000500000005 /* SpeechListener.swift */ = {isa = PBXFileReference; lastKnownFileType = sourcecode.swift; path = SpeechListener.swift; sourceTree = "<group>"; };
		A100000600000006 /* SpeechSynthesizer.swift */ = {isa = PBXFileReference; lastKnownFileType = sourcecode.swift; path = SpeechSynthesizer.swift; sourceTree = "<group>"; };
		A100000700000007 /* AiApiClient.swift */ = {isa = PBXFileReference; lastKnownFileType = sourcecode.swift; path = AiApiClient.swift; sourceTree = "<group>"; };
		A100000C0000000C /* ElevenLabsClient.swift */ = {isa = PBXFileReference; lastKnownFileType = sourcecode.swift; path = ElevenLabsClient.swift; sourceTree = "<group>"; };
		A100000800000008 /* AiModels.swift */ = {isa = PBXFileReference; lastKnownFileType = sourcecode.swift; path = AiModels.swift; sourceTree = "<group>"; };
		A100000900000009 /* AVFoundation.framework */ = {isa = PBXFileReference; lastKnownFileType = wrapper.framework; name = AVFoundation.framework; path = System/Library/Frameworks/AVFoundation.framework; sourceTree = SDKROOT; };
		A100000A0000000A /* Speech.framework */ = {isa = PBXFileReference; lastKnownFileType = wrapper.framework; name = Speech.framework; path = System/Library/Frameworks/Speech.framework; sourceTree = SDKROOT; };
		A100000B0000000B /* Info.plist */ = {isa = PBXFileReference; lastKnownFileType = text.plist.xml; path = Info.plist; sourceTree = "<group>"; };
/* End PBXFileReference section */

/* Begin PBXFrameworksBuildPhase section */
		A1FRMWRK000000001 = {
			isa = PBXFrameworksBuildPhase;
			buildActionMask = 2147483647;
			files = (
				A101000900000009 /* AVFoundation.framework in Frameworks */,
				A101000A0000000A /* Speech.framework in Frameworks */,
			);
			runOnlyForDeploymentPostprocessing = 0;
		};
/* End PBXFrameworksBuildPhase section */

/* Begin PBXGroup section */
		A1MAINGROUP00000 = {
			isa = PBXGroup;
			children = (
				A1GRPROKIDSTYLE0 /* RokidStyle */,
				A1GRPFRAMEWORKS0 /* Frameworks */,
				A1GRPPRODUCTS00 /* Products */,
			);
			sourceTree = "<group>";
		};
		A1GRPPRODUCTS00 /* Products */ = {
			isa = PBXGroup;
			children = (
				A100000000000000 /* RokidStyle.app */,
			);
			name = Products;
			sourceTree = "<group>";
		};
		A1GRPFRAMEWORKS0 /* Frameworks */ = {
			isa = PBXGroup;
			children = (
				A100000900000009 /* AVFoundation.framework */,
				A100000A0000000A /* Speech.framework */,
			);
			name = Frameworks;
			sourceTree = "<group>";
		};
		A1GRPROKIDSTYLE0 /* RokidStyle */ = {
			isa = PBXGroup;
			children = (
				A1GRPAPP0000000 /* App */,
				A1GRPUI00000000 /* UI */,
				A1GRPVIEWMODEL0 /* ViewModel */,
				A1GRPAUDIO00000 /* Audio */,
				A1GRPNETWORK000 /* Network */,
				A1GRPDATA000000 /* Data */,
			);
			path = RokidStyle;
			sourceTree = "<group>";
		};
		A1GRPAPP0000000 /* App */ = {
			isa = PBXGroup;
			children = (
				A100000100000001 /* RokidStyleApp.swift */,
				A100000B0000000B /* Info.plist */,
			);
			path = App;
			sourceTree = "<group>";
		};
		A1GRPUI00000000 /* UI */ = {
			isa = PBXGroup;
			children = (
				A100000200000002 /* ContentView.swift */,
				A100000300000003 /* SettingsView.swift */,
			);
			path = UI;
			sourceTree = "<group>";
		};
		A1GRPVIEWMODEL0 /* ViewModel */ = {
			isa = PBXGroup;
			children = (
				A100000400000004 /* StyleViewModel.swift */,
			);
			path = ViewModel;
			sourceTree = "<group>";
		};
		A1GRPAUDIO00000 /* Audio */ = {
			isa = PBXGroup;
			children = (
				A100000500000005 /* SpeechListener.swift */,
				A100000600000006 /* SpeechSynthesizer.swift */,
			);
			path = Audio;
			sourceTree = "<group>";
		};
		A1GRPNETWORK000 /* Network */ = {
			isa = PBXGroup;
			children = (
				A100000700000007 /* AiApiClient.swift */,
				A100000C0000000C /* ElevenLabsClient.swift */,
			);
			path = Network;
			sourceTree = "<group>";
		};
		A1GRPDATA000000 /* Data */ = {
			isa = PBXGroup;
			children = (
				A100000800000008 /* AiModels.swift */,
			);
			path = Data;
			sourceTree = "<group>";
		};
/* End PBXGroup section */

/* Begin PBXNativeTarget section */
		A1TARGET000000001 /* RokidStyle */ = {
			isa = PBXNativeTarget;
			buildConfigurationList = A1CFGLIST00000002 /* Build configuration list for PBXNativeTarget "RokidStyle" */;
			buildPhases = (
				A1SRCPHASE000000 /* Sources */,
				A1FRMWRK000000001 /* Frameworks */,
				A1RSCPHASE000000 /* Resources */,
			);
			buildRules = (
			);
			dependencies = (
			);
			name = RokidStyle;
			productName = RokidStyle;
			productReference = A100000000000000 /* RokidStyle.app */;
			productType = "com.apple.product-type.application";
		};
/* End PBXNativeTarget section */

/* Begin PBXProject section */
		A1PROJECT000000001 /* Project object */ = {
			isa = PBXProject;
			attributes = {
				BuildIndependentTargetsInParallel = 1;
				LastSwiftUpdateCheck = 1500;
				LastUpgradeCheck = 1500;
				TargetAttributes = {
					A1TARGET000000001 = {
						CreatedOnToolsVersion = 15.0;
					};
				};
			};
			buildConfigurationList = A1CFGLIST00000001 /* Build configuration list for PBXProject "RokidStyle" */;
			compatibilityVersion = "Xcode 14.0";
			developmentRegion = en;
			hasScannedForEncodings = 0;
			knownRegions = (
				en,
				Base,
			);
			mainGroup = A1MAINGROUP00000;
			productRefGroup = A1GRPPRODUCTS00 /* Products */;
			projectDirPath = "";
			projectRoot = "";
			targets = (
				A1TARGET000000001 /* RokidStyle */,
			);
		};
/* End PBXProject section */

/* Begin PBXResourcesBuildPhase section */
		A1RSCPHASE000000 = {
			isa = PBXResourcesBuildPhase;
			buildActionMask = 2147483647;
			files = (
			);
			runOnlyForDeploymentPostprocessing = 0;
		};
/* End PBXResourcesBuildPhase section */

/* Begin PBXSourcesBuildPhase section */
		A1SRCPHASE000000 = {
			isa = PBXSourcesBuildPhase;
			buildActionMask = 2147483647;
			files = (
				A101000100000001 /* RokidStyleApp.swift in Sources */,
				A101000200000002 /* ContentView.swift in Sources */,
				A101000300000003 /* SettingsView.swift in Sources */,
				A101000400000004 /* StyleViewModel.swift in Sources */,
				A101000500000005 /* SpeechListener.swift in Sources */,
				A101000600000006 /* SpeechSynthesizer.swift in Sources */,
				A101000700000007 /* AiApiClient.swift in Sources */,
				A101000C0000000C /* ElevenLabsClient.swift in Sources */,
				A101000800000008 /* AiModels.swift in Sources */,
			);
			runOnlyForDeploymentPostprocessing = 0;
		};
/* End PBXSourcesBuildPhase section */

/* Begin XCBuildConfiguration section */
		A1BUILDCFG000001 /* Debug */ = {
			isa = XCBuildConfiguration;
			buildSettings = {
				ALWAYS_SEARCH_USER_PATHS = NO;
				ASSETCATALOG_COMPILER_GENERATE_SWIFT_ASSET_SYMBOL_EXTENSIONS = YES;
				CLANG_ANALYZER_NONNULL = YES;
				CLANG_ANALYZER_NUMBER_OBJECT_CONVERSION = YES_AGGRESSIVE;
				CLANG_CXX_LANGUAGE_STANDARD = "gnu++20";
				CLANG_ENABLE_MODULES = YES;
				CLANG_ENABLE_OBJC_ARC = YES;
				CLANG_ENABLE_OBJC_WEAK = YES;
				CLANG_WARN_BLOCK_CAPTURE_AUTORELEASING = YES;
				CLANG_WARN_BOOL_CONVERSION = YES;
				CLANG_WARN_COMMA = YES;
				CLANG_WARN_CONSTANT_CONVERSION = YES;
				CLANG_WARN_DEPRECATED_OBJC_IMPLEMENTATIONS = YES;
				CLANG_WARN_DIRECT_OBJC_ISA_USAGE = YES_ERROR;
				CLANG_WARN_DOCUMENTATION_COMMENTS = YES;
				CLANG_WARN_EMPTY_BODY = YES;
				CLANG_WARN_ENUM_CONVERSION = YES;
				CLANG_WARN_INFINITE_RECURSION = YES;
				CLANG_WARN_INT_CONVERSION = YES;
				CLANG_WARN_NON_LITERAL_NULL_CONVERSION = YES;
				CLANG_WARN_OBJC_IMPLICIT_RETAIN_CYCLE = YES;
				CLANG_WARN_OBJC_LITERAL_CONVERSION = YES;
				CLANG_WARN_OBJC_ROOT_CLASS = YES_ERROR;
				CLANG_WARN_QUOTED_INCLUDE_IN_FRAMEWORK_HEADER = YES;
				CLANG_WARN_RANGE_LOOP_ANALYSIS = YES;
				CLANG_WARN_STRICT_PROTOTYPES = YES;
				CLANG_WARN_SUSPICIOUS_MOVE = YES;
				CLANG_WARN_UNGUARDED_AVAILABILITY = YES_AGGRESSIVE;
				CLANG_WARN_UNREACHABLE_CODE = YES;
				CLANG_WARN__DUPLICATE_METHOD_MATCH = YES;
				COPY_PHASE_STRIP = NO;
				DEBUG_INFORMATION_FORMAT = dwarf;
				ENABLE_STRICT_OBJC_MSGSEND = YES;
				ENABLE_TESTABILITY = YES;
				ENABLE_USER_SCRIPT_SANDBOXING = YES;
				GCC_C_LANGUAGE_STANDARD = gnu17;
				GCC_DYNAMIC_NO_PIC = NO;
				GCC_NO_COMMON_BLOCKS = YES;
				GCC_OPTIMIZATION_LEVEL = 0;
				GCC_PREPROCESSOR_DEFINITIONS = (
					"DEBUG=1",
					"$(inherited)",
				);
				GCC_WARN_64_TO_32_BIT_CONVERSION = YES;
				GCC_WARN_ABOUT_RETURN_TYPE = YES_ERROR;
				GCC_WARN_UNDECLARED_SELECTOR = YES;
				GCC_WARN_UNINITIALIZED_AUTOS = YES_AGGRESSIVE;
				GCC_WARN_UNUSED_FUNCTION = YES;
				GCC_WARN_UNUSED_VARIABLE = YES;
				IPHONEOS_DEPLOYMENT_TARGET = 17.0;
				MTL_ENABLE_DEBUG_INFO = INCLUDE_SOURCE;
				MTL_FAST_MATH = YES;
				ONLY_ACTIVE_ARCH = YES;
				SDKROOT = iphoneos;
				SWIFT_ACTIVE_COMPILATION_CONDITIONS = "DEBUG $(inherited)";
				SWIFT_OPTIMIZATION_LEVEL = "-Onone";
			};
			name = Debug;
		};
		A1BUILDCFG000002 /* Release */ = {
			isa = XCBuildConfiguration;
			buildSettings = {
				ALWAYS_SEARCH_USER_PATHS = NO;
				ASSETCATALOG_COMPILER_GENERATE_SWIFT_ASSET_SYMBOL_EXTENSIONS = YES;
				CLANG_ANALYZER_NONNULL = YES;
				CLANG_ANALYZER_NUMBER_OBJECT_CONVERSION = YES_AGGRESSIVE;
				CLANG_CXX_LANGUAGE_STANDARD = "gnu++20";
				CLANG_ENABLE_MODULES = YES;
				CLANG_ENABLE_OBJC_ARC = YES;
				CLANG_ENABLE_OBJC_WEAK = YES;
				CLANG_WARN_BLOCK_CAPTURE_AUTORELEASING = YES;
				CLANG_WARN_BOOL_CONVERSION = YES;
				CLANG_WARN_COMMA = YES;
				CLANG_WARN_CONSTANT_CONVERSION = YES;
				CLANG_WARN_DEPRECATED_OBJC_IMPLEMENTATIONS = YES;
				CLANG_WARN_DIRECT_OBJC_ISA_USAGE = YES_ERROR;
				CLANG_WARN_DOCUMENTATION_COMMENTS = YES;
				CLANG_WARN_EMPTY_BODY = YES;
				CLANG_WARN_ENUM_CONVERSION = YES;
				CLANG_WARN_INFINITE_RECURSION = YES;
				CLANG_WARN_INT_CONVERSION = YES;
				CLANG_WARN_NON_LITERAL_NULL_CONVERSION = YES;
				CLANG_WARN_OBJC_IMPLICIT_RETAIN_CYCLE = YES;
				CLANG_WARN_OBJC_LITERAL_CONVERSION = YES;
				CLANG_WARN_OBJC_ROOT_CLASS = YES_ERROR;
				CLANG_WARN_QUOTED_INCLUDE_IN_FRAMEWORK_HEADER = YES;
				CLANG_WARN_RANGE_LOOP_ANALYSIS = YES;
				CLANG_WARN_STRICT_PROTOTYPES = YES;
				CLANG_WARN_SUSPICIOUS_MOVE = YES;
				CLANG_WARN_UNGUARDED_AVAILABILITY = YES_AGGRESSIVE;
				CLANG_WARN_UNREACHABLE_CODE = YES;
				CLANG_WARN__DUPLICATE_METHOD_MATCH = YES;
				COPY_PHASE_STRIP = NO;
				DEBUG_INFORMATION_FORMAT = "dwarf-with-dsym";
				ENABLE_NS_ASSERTIONS = NO;
				ENABLE_STRICT_OBJC_MSGSEND = YES;
				ENABLE_USER_SCRIPT_SANDBOXING = YES;
				GCC_C_LANGUAGE_STANDARD = gnu17;
				GCC_NO_COMMON_BLOCKS = YES;
				GCC_WARN_64_TO_32_BIT_CONVERSION = YES;
				GCC_WARN_ABOUT_RETURN_TYPE = YES_ERROR;
				GCC_WARN_UNDECLARED_SELECTOR = YES;
				GCC_WARN_UNINITIALIZED_AUTOS = YES_AGGRESSIVE;
				GCC_WARN_UNUSED_FUNCTION = YES;
				GCC_WARN_UNUSED_VARIABLE = YES;
				IPHONEOS_DEPLOYMENT_TARGET = 17.0;
				MTL_FAST_MATH = YES;
				SDKROOT = iphoneos;
				SWIFT_COMPILATION_MODE = wholemodule;
				VALIDATE_PRODUCT = YES;
			};
			name = Release;
		};
		A1BUILDCFG000003 /* Debug */ = {
			isa = XCBuildConfiguration;
			buildSettings = {
				ASSETCATALOG_COMPILER_APPICON_NAME = AppIcon;
				ASSETCATALOG_COMPILER_GLOBAL_ACCENT_COLOR_NAME = AccentColor;
				CODE_SIGN_STYLE = Automatic;
				CURRENT_PROJECT_VERSION = 1;
				DEVELOPMENT_TEAM = "";
				GENERATE_INFOPLIST_FILE = NO;
				INFOPLIST_FILE = RokidStyle/App/Info.plist;
				INFOPLIST_KEY_UIApplicationSceneManifest_Generation = YES;
				INFOPLIST_KEY_UIApplicationSupportsIndirectInputEvents = YES;
				INFOPLIST_KEY_UILaunchScreen_Generation = YES;
				INFOPLIST_KEY_UISupportedInterfaceOrientations_iPhone = "UIInterfaceOrientationPortrait";
				LD_RUNPATH_SEARCH_PATHS = (
					"$(inherited)",
					"@executable_path/Frameworks",
				);
				MARKETING_VERSION = 1.0;
				PRODUCT_BUNDLE_IDENTIFIER = com.rokidstyle.ai;
				PRODUCT_NAME = "$(TARGET_NAME)";
				SWIFT_EMIT_LOC_STRINGS = YES;
				SWIFT_VERSION = 5.0;
				TARGETED_DEVICE_FAMILY = 1;
			};
			name = Debug;
		};
		A1BUILDCFG000004 /* Release */ = {
			isa = XCBuildConfiguration;
			buildSettings = {
				ASSETCATALOG_COMPILER_APPICON_NAME = AppIcon;
				ASSETCATALOG_COMPILER_GLOBAL_ACCENT_COLOR_NAME = AccentColor;
				CODE_SIGN_STYLE = Automatic;
				CURRENT_PROJECT_VERSION = 1;
				DEVELOPMENT_TEAM = "";
				GENERATE_INFOPLIST_FILE = NO;
				INFOPLIST_FILE = RokidStyle/App/Info.plist;
				INFOPLIST_KEY_UIApplicationSceneManifest_Generation = YES;
				INFOPLIST_KEY_UIApplicationSupportsIndirectInputEvents = YES;
				INFOPLIST_KEY_UILaunchScreen_Generation = YES;
				INFOPLIST_KEY_UISupportedInterfaceOrientations_iPhone = "UIInterfaceOrientationPortrait";
				LD_RUNPATH_SEARCH_PATHS = (
					"$(inherited)",
					"@executable_path/Frameworks",
				);
				MARKETING_VERSION = 1.0;
				PRODUCT_BUNDLE_IDENTIFIER = com.rokidstyle.ai;
				PRODUCT_NAME = "$(TARGET_NAME)";
				SWIFT_EMIT_LOC_STRINGS = YES;
				SWIFT_VERSION = 5.0;
				TARGETED_DEVICE_FAMILY = 1;
			};
			name = Release;
		};
/* End XCBuildConfiguration section */

/* Begin XCConfigurationList section */
		A1CFGLIST00000001 /* Build configuration list for PBXProject "RokidStyle" */ = {
			isa = XCConfigurationList;
			buildConfigurations = (
				A1BUILDCFG000001 /* Debug */,
				A1BUILDCFG000002 /* Release */,
			);
			defaultConfigurationIsVisible = 0;
			defaultConfigurationName = Release;
		};
		A1CFGLIST00000002 /* Build configuration list for PBXNativeTarget "RokidStyle" */ = {
			isa = XCConfigurationList;
			buildConfigurations = (
				A1BUILDCFG000003 /* Debug */,
				A1BUILDCFG000004 /* Release */,
			);
			defaultConfigurationIsVisible = 0;
			defaultConfigurationName = Release;
		};
/* End XCConfigurationList section */
	};
	rootObject = A1PROJECT000000001 /* Project object */;
}
